{
  "name": "tissue",
  "version": "1.0.0",
  "lockfileVersion": 3,
  "requires": true,
  "packages": {
    "": {
      "name": "tissue",
      "version": "1.0.0",
      "license": "MIT",
      "dependencies": {
        "body": "^5.1.0",
        "cachemere": "^0.9.13",
        "minimist": "^1.2.0",
        "openurl": "^1.1.1",
        "querystring": "^0.2.0",
        "string-template": "^1.0.0"
      },
      "bin": {
        "tissue": "bin/tissue"
      }
    },
    "node_modules/async": {
      "version": "0.1.22",
      "resolved": "https://registry.npmjs.org/async/-/async-0.1.22.tgz",
      "integrity": "sha512-2tEzliJmf5fHNafNwQLJXUasGzQCVctvsNkXmnlELHwypU0p08/rHohYvkqKIjyXpx+0rkrYv6QbhJ+UF4QkBg==",
      "engines": {
        "node": "*"
      }
    },
    "node_modules/body": {
      "version": "5.1.0",
      "resolved": "https://registry.npmjs.org/body/-/body-5.1.0.tgz",
      "integrity": "sha512-chUsBxGRtuElD6fmw1gHLpvnKdVLK302peeFa9ZqAEk8TyzZ3fygLyUEDDPTJvL9+Bor0dIwn6ePOsRM2y0zQQ==",
      "dependencies": {
        "continuable-cache": "^0.3.1",
        "error": "^7.0.0",
        "raw-body": "~1.1.0",
        "safe-json-parse": "~1.0.1"
      }
    },
    "node_modules/bytes": {
      "version": "1.0.0",
      "resolved": "https://registry.npmjs.org/bytes/-/bytes-1.0.0.tgz",
      "integrity": "sha512-/x68VkHLeTl3/Ll8IvxdwzhrT+IyKc52e/oyHhA2RwqPqswSnjVbSddfPRwAsJtbilMAPSRWwAlpxdYsSWOTKQ=="
    },
    "node_modules/cachemere": {
      "version": "0.9.13",
      "resolved": "https://registry.npmjs.org/cachemere/-/cachemere-0.9.13.tgz",
      "integrity": "sha512-PDVcWlCEz30rvtn+LY56cc3rtFQ/IZA3pw9/P6sEj0mN7jl/S74C4Pcak3Yeh3DzgCeyCgtTXBayDKvNNtU5UA==",
      "dependencies": {
        "async": "0.1.22",
        "expirymanager": "0.9.1",
        "mime": "1.2.5"
      },
      "engines": {
        "node": ">= 0.8.0"
      }
    },
    "node_modules/continuable-cache": {
      "version": "0.3.1",
      "resolved": "https://registry.npmjs.org/continuable-cache/-/continuable-cache-0.3.1.tgz",
      "integrity": "sha512-TF30kpKhTH8AGCG3dut0rdd/19B7Z+qCnrMoBLpyQu/2drZdNrrpcjPEoJeSVsQM+8KmWG5O56oPDjSSUsuTyA=="
    },
    "node_modules/error": {
      "version": "7.2.1",
      "resolved": "https://registry.npmjs.org/error/-/error-7.2.1.tgz",
      "integrity": "sha512-fo9HBvWnx3NGUKMvMwB/CBCMMrfEJgbDTVDEkPygA3Bdd3lM1OyCd+rbQ8BwnpF6GdVeOLDNmyL4N5Bg80ZvdA==",
      "dependencies": {
        "string-template": "~0.2.1"
      }
    },
    "node_modules/error/node_modules/string-template": {
      "version": "0.2.1",
      "resolved": "https://registry.npmjs.org/string-template/-/string-template-0.2.1.tgz",
      "integrity": "sha512-Yptehjogou2xm4UJbxJ4CxgZx12HBfeystp0y3x7s4Dj32ltVVG1Gg8YhKjHZkHicuKpZX/ffilA8505VbUbpw=="
    },
    "node_modules/expirymanager": {
      "version": "0.9.1",
      "resolved": "https://registry.npmjs.org/expirymanager/-/expirymanager-0.9.1.tgz",
      "integrity": "sha512-CCT1UCcUE2l8QDsgJ0hPXNA8zEhkChMPHnq6aToBZt8AaWlrxzXhmYnwe675rN1AGpItL3Mej71SKlkncpQ2Hw==",
      "engines": {
        "node": ">= 0.8.0"
      }
    },
    "node_modules/mime": {
      "version": "1.2.5",
      "resolved": "https://registry.npmjs.org/mime/-/mime-1.2.5.tgz",
      "integrity": "sha512-QfwTOA+zRHSZXxl9Y7ue5ifKDhU1prnh0dO67Vgcl7Lcx0+79vL9A1ln0qtVur8CFSdYq5Zhnw9DDZQgwDh8Ng==",
      "engines": {
        "node": "*"
      }
    },
    "node_modules/minimist": {
      "version": "1.2.8",
      "resolved": "https://registry.npmjs.org/minimist/-/minimist-1.2.8.tgz",
      "integrity": "sha512-2yyAR8qBkN3YuheJanUpWC5U3bb5osDywNB8RzDVlDwDHbocAJveqqj1u8+SVD7jkWT4yvsHCpWqqWqAxb0zCA==",
      "funding": {
        "url": "https://github.com/sponsors/ljharb"
      }
    },
    "node_modules/openurl": {
      "version": "1.1.1",
      "resolved": "https://registry.npmjs.org/openurl/-/openurl-1.1.1.tgz",
      "integrity": "sha512-d/gTkTb1i1GKz5k3XE3XFV/PxQ1k45zDqGP2OA7YhgsaLoqm6qRvARAZOFer1fcXritWlGBRCu/UgeS4HAnXAA=="
    },
    "node_modules/querystring": {
      "version": "0.2.1",
      "resolved": "https://registry.npmjs.org/querystring/-/querystring-0.2.1.tgz",
      "integrity": "sha512-wkvS7mL/JMugcup3/rMitHmd9ecIGd2lhFhK9N3UUQ450h66d1r3Y9nvXzQAW1Lq+wyx61k/1pfKS5KuKiyEbg==",
      "deprecated": "The querystring API is considered Legacy. new code should use the URLSearchParams API instead.",
      "engines": {
        "node": ">=0.4.x"
      }
    },
    "node_modules/raw-body": {
      "version": "1.1.7",
      "resolved": "https://registry.npmjs.org/raw-body/-/raw-body-1.1.7.tgz",
      "integrity": "sha512-WmJJU2e9Y6M5UzTOkHaM7xJGAPQD8PNzx3bAd2+uhZAim6wDk6dAZxPVYLF67XhbR4hmKGh33Lpmh4XWrCH5Mg==",
      "dependencies": {
        "bytes": "1",
        "string_decoder": "0.10"
      },
      "engines": {
        "node": ">= 0.8.0"
      }
    },
    "node_modules/safe-json-parse": {
      "version": "1.0.1",
      "resolved": "https://registry.npmjs.org/safe-json-parse/-/safe-json-parse-1.0.1.tgz",
      "integrity": "sha512-o0JmTu17WGUaUOHa1l0FPGXKBfijbxK6qoHzlkihsDXxzBHvJcA7zgviKR92Xs841rX9pK16unfphLq0/KqX7A=="
    },
    "node_modules/string_decoder": {
      "version": "0.10.31",
      "resolved": "https://registry.npmjs.org/string_decoder/-/string_decoder-0.10.31.tgz",
      "integrity": "sha512-ev2QzSzWPYmy9GuqfIVildA4OdcGLeFZQrq5ys6RtiuF+RQQiZWr8TZNyAcuVXyQRYfEO+MsoB/1BuQVhOJuoQ=="
    },
    "node_modules/string-template": {
      "version": "1.0.0",
      "resolved": "https://registry.npmjs.org/string-template/-/string-template-1.0.0.tgz",
      "integrity": "sha512-SLqR3GBUXuoPP5MmYtD7ompvXiG87QjT6lzOszyXjTM86Uu7At7vNnt2xgyTLq5o9T4IxTYFyGxcULqpsmsfdg=="
    }
  }
}
